{
  "originHash" : "57a9fff272781b3a68d5de861fbdcd2ecb49038a88d3b1098e95a85f0594f2dd",
  "pins" : [
    {
      "identity" : "hapticskit",
      "kind" : "remoteSourceControl",
      "location" : "https://github.com/adamfootdev/HapticsKit",
      "state" : {
        "revision" : "e48e566d4ee3ff42a53a82ae5c32fcdbc4262866",
        "version" : "2.0.1"
      }
    }
  ],
  "version" : 3
}
