{
  "originHash" : "73a872555c653d402ce48ae31f5b8ff68bea60311711bc246d3851a143b99304",
  "pins" : [
    {
      "identity" : "asn1swift",
      "kind" : "remoteSourceControl",
      "location" : "https://github.com/tikhop/ASN1Swift",
      "state" : {
        "revision" : "403cd95194e6a962e16db7c0d373d89fce83e0f7",
        "version" : "1.2.7"
      }
    },
    {
      "identity" : "hapticskit",
      "kind" : "remoteSourceControl",
      "location" : "https://github.com/adamfootdev/HapticsKit",
      "state" : {
        "revision" : "c66e9d1d7a2c55d30618bf7ac65c22c8d52ffbb1",
        "version" : "1.1.2"
      }
    },
    {
      "identity" : "tpinappreceipt",
      "kind" : "remoteSourceControl",
      "location" : "https://github.com/adamfootdev/TPInAppReceipt",
      "state" : {
        "revision" : "b3f472842a474deef4127758a4ad6300280715f7",
        "version" : "3.4.0"
      }
    }
  ],
  "version" : 3
}
